// !$*UTF8*$!
{
	archiveVersion = 1;
	classes = {
	};
	objectVersion = 50;
	objects = {

/* Begin PBXBuildFile section */
		CA517CCD22EDEBFC009EAFF9 /* AppDelegate.swift in Sources */ = {isa = PBXBuildFile; fileRef = CA517CCC22EDEBFC009EAFF9 /* AppDelegate.swift */; };
		CA517CCF22EDEBFC009EAFF9 /* ViewController.swift in Sources */ = {isa = PBXBuildFile; fileRef = CA517CCE22EDEBFC009EAFF9 /* ViewController.swift */; };
		CA517CD222EDEBFC009EAFF9 /* Main.storyboard in Resources */ = {isa = PBXBuildFile; fileRef = CA517CD022EDEBFC009EAFF9 /* Main.storyboard */; };
		CA517CD422EDEBFD009EAFF9 /* Assets.xcassets in Resources */ = {isa = PBXBuildFile; fileRef = CA517CD322EDEBFD009EAFF9 /* Assets.xcassets */; };
		CA517CD722EDEBFD009EAFF9 /* LaunchScreen.storyboard in Resources */ = {isa = PBXBuildFile; fileRef = CA517CD522EDEBFD009EAFF9 /* LaunchScreen.storyboard */; };
		CA517CE222EDEBFD009EAFF9 /* KMP_Tutorial_AppTests.swift in Sources */ = {isa = PBXBuildFile; fileRef = CA517CE122EDEBFD009EAFF9 /* KMP_Tutorial_AppTests.swift */; };
		CA517CED22EDEBFD009EAFF9 /* KMP_Tutorial_AppUITests.swift in Sources */ = {isa = PBXBuildFile; fileRef = CA517CEC22EDEBFD009EAFF9 /* KMP_Tutorial_AppUITests.swift */; };
		CA517CFB22EDF584009EAFF9 /* SharedCode.framework in Frameworks */ = {isa = PBXBuildFile; fileRef = CA517CFA22EDF584009EAFF9 /* SharedCode.framework */; };
		CA517CFC22EDF584009EAFF9 /* SharedCode.framework in Embed Frameworks */ = {isa = PBXBuildFile; fileRef = CA517CFA22EDF584009EAFF9 /* SharedCode.framework */; settings = {ATTRIBUTES = (CodeSignOnCopy, RemoveHeadersOnCopy, ); }; };
/* End PBXBuildFile section */

/* Begin PBXContainerItemProxy section */
		CA517CDE22EDEBFD009EAFF9 /* PBXContainerItemProxy */ = {
			isa = PBXContainerItemProxy;
			containerPortal = CA517CC122EDEBFB009EAFF9 /* Project object */;
			proxyType = 1;
			remoteGlobalIDString = CA517CC822EDEBFB009EAFF9;
			remoteInfo = "KMP Tutorial App";
		};
		CA517CE922EDEBFD009EAFF9 /* PBXContainerItemProxy */ = {
			isa = PBXContainerItemProxy;
			containerPortal = CA517CC122EDEBFB009EAFF9 /* Project object */;
			proxyType = 1;
			remoteGlobalIDString = CA517CC822EDEBFB009EAFF9;
			remoteInfo = "KMP Tutorial App";
		};
/* End PBXContainerItemProxy section */

/* Begin PBXCopyFilesBuildPhase section */
		CA517CFD22EDF584009EAFF9 /* Embed Frameworks */ = {
			isa = PBXCopyFilesBuildPhase;
			buildActionMask = 2147483647;
			dstPath = "";
			dstSubfolderSpec = 10;
			files = (
				CA517CFC22EDF584009EAFF9 /* SharedCode.framework in Embed Frameworks */,
			);
			name = "Embed Frameworks";
			runOnlyForDeploymentPostprocessing = 0;
		};
/* End PBXCopyFilesBuildPhase section */

/* Begin PBXFileReference section */
		CA517CC922EDEBFB009EAFF9 /* KMP Tutorial App.app */ = {isa = PBXFileReference; explicitFileType = wrapper.application; includeInIndex = 0; path = "KMP Tutorial App.app"; sourceTree = BUILT_PRODUCTS_DIR; };
		CA517CCC22EDEBFC009EAFF9 /* AppDelegate.swift */ = {isa = PBXFileReference; lastKnownFileType = sourcecode.swift; path = AppDelegate.swift; sourceTree = "<group>"; };
		CA517CCE22EDEBFC009EAFF9 /* ViewController.swift */ = {isa = PBXFileReference; lastKnownFileType = sourcecode.swift; path = ViewController.swift; sourceTree = "<group>"; };
		CA517CD122EDEBFC009EAFF9 /* Base */ = {isa = PBXFileReference; lastKnownFileType = file.storyboard; name = Base; path = Base.lproj/Main.storyboard; sourceTree = "<group>"; };
		CA517CD322EDEBFD009EAFF9 /* Assets.xcassets */ = {isa = PBXFileReference; lastKnownFileType = folder.assetcatalog; path = Assets.xcassets; sourceTree = "<group>"; };
		CA517CD622EDEBFD009EAFF9 /* Base */ = {isa = PBXFileReference; lastKnownFileType = file.storyboard; name = Base; path = Base.lproj/LaunchScreen.storyboard; sourceTree = "<group>"; };
		CA517CD822EDEBFD009EAFF9 /* Info.plist */ = {isa = PBXFileReference; lastKnownFileType = text.plist.xml; path = Info.plist; sourceTree = "<group>"; };
		CA517CDD22EDEBFD009EAFF9 /* KMP Tutorial AppTests.xctest */ = {isa = PBXFileReference; explicitFileType = wrapper.cfbundle; includeInIndex = 0; path = "KMP Tutorial AppTests.xctest"; sourceTree = BUILT_PRODUCTS_DIR; };
		CA517CE122EDEBFD009EAFF9 /* KMP_Tutorial_AppTests.swift */ = {isa = PBXFileReference; lastKnownFileType = sourcecode.swift; path = KMP_Tutorial_AppTests.swift; sourceTree = "<group>"; };
		CA517CE322EDEBFD009EAFF9 /* Info.plist */ = {isa = PBXFileReference; lastKnownFileType = text.plist.xml; path = Info.plist; sourceTree = "<group>"; };
		CA517CE822EDEBFD009EAFF9 /* KMP Tutorial AppUITests.xctest */ = {isa = PBXFileReference; explicitFileType = wrapper.cfbundle; includeInIndex = 0; path = "KMP Tutorial AppUITests.xctest"; sourceTree = BUILT_PRODUCTS_DIR; };
		CA517CEC22EDEBFD009EAFF9 /* KMP_Tutorial_AppUITests.swift */ = {isa = PBXFileReference; lastKnownFileType = sourcecode.swift; path = KMP_Tutorial_AppUITests.swift; sourceTree = "<group>"; };
		CA517CEE22EDEBFD009EAFF9 /* Info.plist */ = {isa = PBXFileReference; lastKnownFileType = text.plist.xml; path = Info.plist; sourceTree = "<group>"; };
		CA517CFA22EDF584009EAFF9 /* SharedCode.framework */ = {isa = PBXFileReference; lastKnownFileType = wrapper.framework; name = SharedCode.framework; path = "../../SharedCode/build/xcode-frameworks/SharedCode.framework"; sourceTree = "<group>"; };
/* End PBXFileReference section */

/* Begin PBXFrameworksBuildPhase section */
		CA517CC622EDEBFB009EAFF9 /* Frameworks */ = {
			isa = PBXFrameworksBuildPhase;
			buildActionMask = 2147483647;
			files = (
				CA517CFB22EDF584009EAFF9 /* SharedCode.framework in Frameworks */,
			);
			runOnlyForDeploymentPostprocessing = 0;
		};
		CA517CDA22EDEBFD009EAFF9 /* Frameworks */ = {
			isa = PBXFrameworksBuildPhase;
			buildActionMask = 2147483647;
			files = (
			);
			runOnlyForDeploymentPostprocessing = 0;
		};
		CA517CE522EDEBFD009EAFF9 /* Frameworks */ = {
			isa = PBXFrameworksBuildPhase;
			buildActionMask = 2147483647;
			files = (
			);
			runOnlyForDeploymentPostprocessing = 0;
		};
/* End PBXFrameworksBuildPhase section */

/* Begin PBXGroup section */
		CA517CC022EDEBFB009EAFF9 = {
			isa = PBXGroup;
			children = (
				CA517CFA22EDF584009EAFF9 /* SharedCode.framework */,
				CA517CCB22EDEBFB009EAFF9 /* KMP Tutorial App */,
				CA517CE022EDEBFD009EAFF9 /* KMP Tutorial AppTests */,
				CA517CEB22EDEBFD009EAFF9 /* KMP Tutorial AppUITests */,
				CA517CCA22EDEBFB009EAFF9 /* Products */,
			);
			sourceTree = "<group>";
		};
		CA517CCA22EDEBFB009EAFF9 /* Products */ = {
			isa = PBXGroup;
			children = (
				CA517CC922EDEBFB009EAFF9 /* KMP Tutorial App.app */,
				CA517CDD22EDEBFD009EAFF9 /* KMP Tutorial AppTests.xctest */,
				CA517CE822EDEBFD009EAFF9 /* KMP Tutorial AppUITests.xctest */,
			);
			name = Products;
			sourceTree = "<group>";
		};
		CA517CCB22EDEBFB009EAFF9 /* KMP Tutorial App */ = {
			isa = PBXGroup;
			children = (
				CA517CCC22EDEBFC009EAFF9 /* AppDelegate.swift */,
				CA517CCE22EDEBFC009EAFF9 /* ViewController.swift */,
				CA517CD022EDEBFC009EAFF9 /* Main.storyboard */,
				CA517CD322EDEBFD009EAFF9 /* Assets.xcassets */,
				CA517CD522EDEBFD009EAFF9 /* LaunchScreen.storyboard */,
				CA517CD822EDEBFD009EAFF9 /* Info.plist */,
			);
			path = "KMP Tutorial App";
			sourceTree = "<group>";
		};
		CA517CE022EDEBFD009EAFF9 /* KMP Tutorial AppTests */ = {
			isa = PBXGroup;
			children = (
				CA517CE122EDEBFD009EAFF9 /* KMP_Tutorial_AppTests.swift */,
				CA517CE322EDEBFD009EAFF9 /* Info.plist */,
			);
			path = "KMP Tutorial AppTests";
			sourceTree = "<group>";
		};
		CA517CEB22EDEBFD009EAFF9 /* KMP Tutorial AppUITests */ = {
			isa = PBXGroup;
			children = (
				CA517CEC22EDEBFD009EAFF9 /* KMP_Tutorial_AppUITests.swift */,
				CA517CEE22EDEBFD009EAFF9 /* Info.plist */,
			);
			path = "KMP Tutorial AppUITests";
			sourceTree = "<group>";
		};
/* End PBXGroup section */

/* Begin PBXNativeTarget section */
		CA517CC822EDEBFB009EAFF9 /* KMP Tutorial App */ = {
			isa = PBXNativeTarget;
			buildConfigurationList = CA517CF122EDEBFD009EAFF9 /* Build configuration list for PBXNativeTarget "KMP Tutorial App" */;
			buildPhases = (
				CA517CFE22EDF74F009EAFF9 /* ShellScript */,
				CA517CC522EDEBFB009EAFF9 /* Sources */,
				CA517CC622EDEBFB009EAFF9 /* Frameworks */,
				CA517CC722EDEBFB009EAFF9 /* Resources */,
				CA517CFD22EDF584009EAFF9 /* Embed Frameworks */,
			);
			buildRules = (
			);
			dependencies = (
			);
			name = "KMP Tutorial App";
			productName = "KMP Tutorial App";
			productReference = CA517CC922EDEBFB009EAFF9 /* KMP Tutorial App.app */;
			productType = "com.apple.product-type.application";
		};
		CA517CDC22EDEBFD009EAFF9 /* KMP Tutorial AppTests */ = {
			isa = PBXNativeTarget;
			buildConfigurationList = CA517CF422EDEBFD009EAFF9 /* Build configuration list for PBXNativeTarget "KMP Tutorial AppTests" */;
			buildPhases = (
				CA517CD922EDEBFD009EAFF9 /* Sources */,
				CA517CDA22EDEBFD009EAFF9 /* Frameworks */,
				CA517CDB22EDEBFD009EAFF9 /* Resources */,
			);
			buildRules = (
			);
			dependencies = (
				CA517CDF22EDEBFD009EAFF9 /* PBXTargetDependency */,
			);
			name = "KMP Tutorial AppTests";
			productName = "KMP Tutorial AppTests";
			productReference = CA517CDD22EDEBFD009EAFF9 /* KMP Tutorial AppTests.xctest */;
			productType = "com.apple.product-type.bundle.unit-test";
		};
		CA517CE722EDEBFD009EAFF9 /* KMP Tutorial AppUITests */ = {
			isa = PBXNativeTarget;
			buildConfigurationList = CA517CF722EDEBFD009EAFF9 /* Build configuration list for PBXNativeTarget "KMP Tutorial AppUITests" */;
			buildPhases = (
				CA517CE422EDEBFD009EAFF9 /* Sources */,
				CA517CE522EDEBFD009EAFF9 /* Frameworks */,
				CA517CE622EDEBFD009EAFF9 /* Resources */,
			);
			buildRules = (
			);
			dependencies = (
				CA517CEA22EDEBFD009EAFF9 /* PBXTargetDependency */,
			);
			name = "KMP Tutorial AppUITests";
			productName = "KMP Tutorial AppUITests";
			productReference = CA517CE822EDEBFD009EAFF9 /* KMP Tutorial AppUITests.xctest */;
			productType = "com.apple.product-type.bundle.ui-testing";
		};
/* End PBXNativeTarget section */

/* Begin PBXProject section */
		CA517CC122EDEBFB009EAFF9 /* Project object */ = {
			isa = PBXProject;
			attributes = {
				LastSwiftUpdateCheck = 1030;
				LastUpgradeCheck = 1030;
				ORGANIZATIONNAME = "Paul Reilly";
				TargetAttributes = {
					CA517CC822EDEBFB009EAFF9 = {
						CreatedOnToolsVersion = 10.3;
					};
					CA517CDC22EDEBFD009EAFF9 = {
						CreatedOnToolsVersion = 10.3;
						TestTargetID = CA517CC822EDEBFB009EAFF9;
					};
					CA517CE722EDEBFD009EAFF9 = {
						CreatedOnToolsVersion = 10.3;
						TestTargetID = CA517CC822EDEBFB009EAFF9;
					};
				};
			};
			buildConfigurationList = CA517CC422EDEBFB009EAFF9 /* Build configuration list for PBXProject "KMP Tutorial App" */;
			compatibilityVersion = "Xcode 9.3";
			developmentRegion = en;
			hasScannedForEncodings = 0;
			knownRegions = (
				en,
				Base,
			);
			mainGroup = CA517CC022EDEBFB009EAFF9;
			productRefGroup = CA517CCA22EDEBFB009EAFF9 /* Products */;
			projectDirPath = "";
			projectRoot = "";
			targets = (
				CA517CC822EDEBFB009EAFF9 /* KMP Tutorial App */,
				CA517CDC22EDEBFD009EAFF9 /* KMP Tutorial AppTests */,
				CA517CE722EDEBFD009EAFF9 /* KMP Tutorial AppUITests */,
			);
		};
/* End PBXProject section */

/* Begin PBXResourcesBuildPhase section */
		CA517CC722EDEBFB009EAFF9 /* Resources */ = {
			isa = PBXResourcesBuildPhase;
			buildActionMask = 2147483647;
			files = (
				CA517CD722EDEBFD009EAFF9 /* LaunchScreen.storyboard in Resources */,
				CA517CD422EDEBFD009EAFF9 /* Assets.xcassets in Resources */,
				CA517CD222EDEBFC009EAFF9 /* Main.storyboard in Resources */,
			);
			runOnlyForDeploymentPostprocessing = 0;
		};
		CA517CDB22EDEBFD009EAFF9 /* Resources */ = {
			isa = PBXResourcesBuildPhase;
			buildActionMask = 2147483647;
			files = (
			);
			runOnlyForDeploymentPostprocessing = 0;
		};
		CA517CE622EDEBFD009EAFF9 /* Resources */ = {
			isa = PBXResourcesBuildPhase;
			buildActionMask = 2147483647;
			files = (
			);
			runOnlyForDeploymentPostprocessing = 0;
		};
/* End PBXResourcesBuildPhase section */

/* Begin PBXShellScriptBuildPhase section */
		CA517CFE22EDF74F009EAFF9 /* ShellScript */ = {
			isa = PBXShellScriptBuildPhase;
			buildActionMask = 2147483647;
			files = (
			);
			inputFileListPaths = (
			);
			inputPaths = (
			);
			outputFileListPaths = (
			);
			outputPaths = (
			);
			runOnlyForDeploymentPostprocessing = 0;
			shellPath = /bin/sh;
			shellScript = "# Type a script or drag a script file from your workspace to insert its path.\ncd \"$SRCROOT/../../SharedCode/build/xcode-frameworks\"\n./gradlew :SharedCode:packForXCode -PXCODE_CONFIGURATION=${CONFIGURATION}\n";
		};
/* End PBXShellScriptBuildPhase section */

/* Begin PBXSourcesBuildPhase section */
		CA517CC522EDEBFB009EAFF9 /* Sources */ = {
			isa = PBXSourcesBuildPhase;
			buildActionMask = 2147483647;
			files = (
				CA517CCF22EDEBFC009EAFF9 /* ViewController.swift in Sources */,
				CA517CCD22EDEBFC009EAFF9 /* AppDelegate.swift in Sources */,
			);
			runOnlyForDeploymentPostprocessing = 0;
		};
		CA517CD922EDEBFD009EAFF9 /* Sources */ = {
			isa = PBXSourcesBuildPhase;
			buildActionMask = 2147483647;
			files = (
				CA517CE222EDEBFD009EAFF9 /* KMP_Tutorial_AppTests.swift in Sources */,
			);
			runOnlyForDeploymentPostprocessing = 0;
		};
		CA517CE422EDEBFD009EAFF9 /* Sources */ = {
			isa = PBXSourcesBuildPhase;
			buildActionMask = 2147483647;
			files = (
				CA517CED22EDEBFD009EAFF9 /* KMP_Tutorial_AppUITests.swift in Sources */,
			);
			runOnlyForDeploymentPostprocessing = 0;
		};
/* End PBXSourcesBuildPhase section */

/* Begin PBXTargetDependency section */
		CA517CDF22EDEBFD009EAFF9 /* PBXTargetDependency */ = {
			isa = PBXTargetDependency;
			target = CA517CC822EDEBFB009EAFF9 /* KMP Tutorial App */;
			targetProxy = CA517CDE22EDEBFD009EAFF9 /* PBXContainerItemProxy */;
		};
		CA517CEA22EDEBFD009EAFF9 /* PBXTargetDependency */ = {
			isa = PBXTargetDependency;
			target = CA517CC822EDEBFB009EAFF9 /* KMP Tutorial App */;
			targetProxy = CA517CE922EDEBFD009EAFF9 /* PBXContainerItemProxy */;
		};
/* End PBXTargetDependency section */

/* Begin PBXVariantGroup section */
		CA517CD022EDEBFC009EAFF9 /* Main.storyboard */ = {
			isa = PBXVariantGroup;
			children = (
				CA517CD122EDEBFC009EAFF9 /* Base */,
			);
			name = Main.storyboard;
			sourceTree = "<group>";
		};
		CA517CD522EDEBFD009EAFF9 /* LaunchScreen.storyboard */ = {
			isa = PBXVariantGroup;
			children = (
				CA517CD622EDEBFD009EAFF9 /* Base */,
			);
			name = LaunchScreen.storyboard;
			sourceTree = "<group>";
		};
/* End PBXVariantGroup section */

/* Begin XCBuildConfiguration section */
		CA517CEF22EDEBFD009EAFF9 /* Debug */ = {
			isa = XCBuildConfiguration;
			buildSettings = {
				ALWAYS_SEARCH_USER_PATHS = NO;
				CLANG_ANALYZER_NONNULL = YES;
				CLANG_ANALYZER_NUMBER_OBJECT_CONVERSION = YES_AGGRESSIVE;
				CLANG_CXX_LANGUAGE_STANDARD = "gnu++14";
				CLANG_CXX_LIBRARY = "libc++";
				CLANG_ENABLE_MODULES = YES;
				CLANG_ENABLE_OBJC_ARC = YES;
				CLANG_ENABLE_OBJC_WEAK = YES;
				CLANG_WARN_BLOCK_CAPTURE_AUTORELEASING = YES;
				CLANG_WARN_BOOL_CONVERSION = YES;
				CLANG_WARN_COMMA = YES;
				CLANG_WARN_CONSTANT_CONVERSION = YES;
				CLANG_WARN_DEPRECATED_OBJC_IMPLEMENTATIONS = YES;
				CLANG_WARN_DIRECT_OBJC_ISA_USAGE = YES_ERROR;
				CLANG_WARN_DOCUMENTATION_COMMENTS = YES;
				CLANG_WARN_EMPTY_BODY = YES;
				CLANG_WARN_ENUM_CONVERSION = YES;
				CLANG_WARN_INFINITE_RECURSION = YES;
				CLANG_WARN_INT_CONVERSION = YES;
				CLANG_WARN_NON_LITERAL_NULL_CONVERSION = YES;
				CLANG_WARN_OBJC_IMPLICIT_RETAIN_SELF = YES;
				CLANG_WARN_OBJC_LITERAL_CONVERSION = YES;
				CLANG_WARN_OBJC_ROOT_CLASS = YES_ERROR;
				CLANG_WARN_RANGE_LOOP_ANALYSIS = YES;
				CLANG_WARN_STRICT_PROTOTYPES = YES;
				CLANG_WARN_SUSPICIOUS_MOVE = YES;
				CLANG_WARN_UNGUARDED_AVAILABILITY = YES_AGGRESSIVE;
				CLANG_WARN_UNREACHABLE_CODE = YES;
				CLANG_WARN__DUPLICATE_METHOD_MATCH = YES;
				CODE_SIGN_IDENTITY = "iPhone Developer";
				COPY_PHASE_STRIP = NO;
				DEBUG_INFORMATION_FORMAT = dwarf;
				ENABLE_STRICT_OBJC_MSGSEND = YES;
				ENABLE_TESTABILITY = YES;
				GCC_C_LANGUAGE_STANDARD = gnu11;
				GCC_DYNAMIC_NO_PIC = NO;
				GCC_NO_COMMON_BLOCKS = YES;
				GCC_OPTIMIZATION_LEVEL = 0;
				GCC_PREPROCESSOR_DEFINITIONS = (
					"DEBUG=1",
					"$(inherited)",
				);
				GCC_WARN_64_TO_32_BIT_CONVERSION = YES;
				GCC_WARN_ABOUT_RETURN_TYPE = YES_ERROR;
				GCC_WARN_UNDECLARED_SELECTOR = YES;
				GCC_WARN_UNINITIALIZED_AUTOS = YES_AGGRESSIVE;
				GCC_WARN_UNUSED_FUNCTION = YES;
				GCC_WARN_UNUSED_VARIABLE = YES;
				IPHONEOS_DEPLOYMENT_TARGET = 12.4;
				MTL_ENABLE_DEBUG_INFO = INCLUDE_SOURCE;
				MTL_FAST_MATH = YES;
				ONLY_ACTIVE_ARCH = YES;
				SDKROOT = iphoneos;
				SWIFT_ACTIVE_COMPILATION_CONDITIONS = DEBUG;
				SWIFT_OPTIMIZATION_LEVEL = "-Onone";
			};
			name = Debug;
		};
		CA517CF022EDEBFD009EAFF9 /* Release */ = {
			isa = XCBuildConfiguration;
			buildSettings = {
				ALWAYS_SEARCH_USER_PATHS = NO;
				CLANG_ANALYZER_NONNULL = YES;
				CLANG_ANALYZER_NUMBER_OBJECT_CONVERSION = YES_AGGRESSIVE;
				CLANG_CXX_LANGUAGE_STANDARD = "gnu++14";
				CLANG_CXX_LIBRARY = "libc++";
				CLANG_ENABLE_MODULES = YES;
				CLANG_ENABLE_OBJC_ARC = YES;
				CLANG_ENABLE_OBJC_WEAK = YES;
				CLANG_WARN_BLOCK_CAPTURE_AUTORELEASING = YES;
				CLANG_WARN_BOOL_CONVERSION = YES;
				CLANG_WARN_COMMA = YES;
				CLANG_WARN_CONSTANT_CONVERSION = YES;
				CLANG_WARN_DEPRECATED_OBJC_IMPLEMENTATIONS = YES;
				CLANG_WARN_DIRECT_OBJC_ISA_USAGE = YES_ERROR;
				CLANG_WARN_DOCUMENTATION_COMMENTS = YES;
				CLANG_WARN_EMPTY_BODY = YES;
				CLANG_WARN_ENUM_CONVERSION = YES;
				CLANG_WARN_INFINITE_RECURSION = YES;
				CLANG_WARN_INT_CONVERSION = YES;
				CLANG_WARN_NON_LITERAL_NULL_CONVERSION = YES;
				CLANG_WARN_OBJC_IMPLICIT_RETAIN_SELF = YES;
				CLANG_WARN_OBJC_LITERAL_CONVERSION = YES;
				CLANG_WARN_OBJC_ROOT_CLASS = YES_ERROR;
				CLANG_WARN_RANGE_LOOP_ANALYSIS = YES;
				CLANG_WARN_STRICT_PROTOTYPES = YES;
				CLANG_WARN_SUSPICIOUS_MOVE = YES;
				CLANG_WARN_UNGUARDED_AVAILABILITY = YES_AGGRESSIVE;
				CLANG_WARN_UNREACHABLE_CODE = YES;
				CLANG_WARN__DUPLICATE_METHOD_MATCH = YES;
				CODE_SIGN_IDENTITY = "iPhone Developer";
				COPY_PHASE_STRIP = NO;
				DEBUG_INFORMATION_FORMAT = "dwarf-with-dsym";
				ENABLE_NS_ASSERTIONS = NO;
				ENABLE_STRICT_OBJC_MSGSEND = YES;
				GCC_C_LANGUAGE_STANDARD = gnu11;
				GCC_NO_COMMON_BLOCKS = YES;
				GCC_WARN_64_TO_32_BIT_CONVERSION = YES;
				GCC_WARN_ABOUT_RETURN_TYPE = YES_ERROR;
				GCC_WARN_UNDECLARED_SELECTOR = YES;
				GCC_WARN_UNINITIALIZED_AUTOS = YES_AGGRESSIVE;
				GCC_WARN_UNUSED_FUNCTION = YES;
				GCC_WARN_UNUSED_VARIABLE = YES;
				IPHONEOS_DEPLOYMENT_TARGET = 12.4;
				MTL_ENABLE_DEBUG_INFO = NO;
				MTL_FAST_MATH = YES;
				SDKROOT = iphoneos;
				SWIFT_COMPILATION_MODE = wholemodule;
				SWIFT_OPTIMIZATION_LEVEL = "-O";
				VALIDATE_PRODUCT = YES;
			};
			name = Release;
		};
		CA517CF222EDEBFD009EAFF9 /* Debug */ = {
			isa = XCBuildConfiguration;
			buildSettings = {
				ASSETCATALOG_COMPILER_APPICON_NAME = AppIcon;
				CODE_SIGN_STYLE = Automatic;
				DEVELOPMENT_TEAM = NYK3FCF3T2;
				FRAMEWORK_SEARCH_PATHS = "/Users/pmr/AndroidStudioProjects/kmp-tutorial-app/SharedCode/build/xcode-frameworks";
				INFOPLIST_FILE = "KMP Tutorial App/Info.plist";
				LD_RUNPATH_SEARCH_PATHS = (
					"$(inherited)",
					"@executable_path/Frameworks",
				);
				PRODUCT_BUNDLE_IDENTIFIER = "com.pajato.kmp.app.KMP-Tutorial-App";
				PRODUCT_NAME = "$(TARGET_NAME)";
				SWIFT_VERSION = 5.0;
				TARGETED_DEVICE_FAMILY = "1,2";
			};
			name = Debug;
		};
		CA517CF322EDEBFD009EAFF9 /* Release */ = {
			isa = XCBuildConfiguration;
			buildSettings = {
				ASSETCATALOG_COMPILER_APPICON_NAME = AppIcon;
				CODE_SIGN_STYLE = Automatic;
				DEVELOPMENT_TEAM = NYK3FCF3T2;
				FRAMEWORK_SEARCH_PATHS = "/Users/pmr/AndroidStudioProjects/kmp-tutorial-app/SharedCode/build/xcode-frameworks";
				INFOPLIST_FILE = "KMP Tutorial App/Info.plist";
				LD_RUNPATH_SEARCH_PATHS = (
					"$(inherited)",
					"@executable_path/Frameworks",
				);
				PRODUCT_BUNDLE_IDENTIFIER = "com.pajato.kmp.app.KMP-Tutorial-App";
				PRODUCT_NAME = "$(TARGET_NAME)";
				SWIFT_VERSION = 5.0;
				TARGETED_DEVICE_FAMILY = "1,2";
			};
			name = Release;
		};
		CA517CF522EDEBFD009EAFF9 /* Debug */ = {
			isa = XCBuildConfiguration;
			buildSettings = {
				ALWAYS_EMBED_SWIFT_STANDARD_LIBRARIES = YES;
				BUNDLE_LOADER = "$(TEST_HOST)";
				CODE_SIGN_STYLE = Automatic;
				INFOPLIST_FILE = "KMP Tutorial AppTests/Info.plist";
				LD_RUNPATH_SEARCH_PATHS = (
					"$(inherited)",
					"@executable_path/Frameworks",
					"@loader_path/Frameworks",
				);
				PRODUCT_BUNDLE_IDENTIFIER = "com.pajato.kmp.app.KMP-Tutorial-AppTests";
				PRODUCT_NAME = "$(TARGET_NAME)";
				SWIFT_VERSION = 5.0;
				TARGETED_DEVICE_FAMILY = "1,2";
				TEST_HOST = "$(BUILT_PRODUCTS_DIR)/KMP Tutorial App.app/KMP Tutorial App";
			};
			name = Debug;
		};
		CA517CF622EDEBFD009EAFF9 /* Release */ = {
			isa = XCBuildConfiguration;
			buildSettings = {
				ALWAYS_EMBED_SWIFT_STANDARD_LIBRARIES = YES;
				BUNDLE_LOADER = "$(TEST_HOST)";
				CODE_SIGN_STYLE = Automatic;
				INFOPLIST_FILE = "KMP Tutorial AppTests/Info.plist";
				LD_RUNPATH_SEARCH_PATHS = (
					"$(inherited)",
					"@executable_path/Frameworks",
					"@loader_path/Frameworks",
				);
				PRODUCT_BUNDLE_IDENTIFIER = "com.pajato.kmp.app.KMP-Tutorial-AppTests";
				PRODUCT_NAME = "$(TARGET_NAME)";
				SWIFT_VERSION = 5.0;
				TARGETED_DEVICE_FAMILY = "1,2";
				TEST_HOST = "$(BUILT_PRODUCTS_DIR)/KMP Tutorial App.app/KMP Tutorial App";
			};
			name = Release;
		};
		CA517CF822EDEBFD009EAFF9 /* Debug */ = {
			isa = XCBuildConfiguration;
			buildSettings = {
				ALWAYS_EMBED_SWIFT_STANDARD_LIBRARIES = YES;
				CODE_SIGN_STYLE = Automatic;
				INFOPLIST_FILE = "KMP Tutorial AppUITests/Info.plist";
				LD_RUNPATH_SEARCH_PATHS = (
					"$(inherited)",
					"@executable_path/Frameworks",
					"@loader_path/Frameworks",
				);
				PRODUCT_BUNDLE_IDENTIFIER = "com.pajato.kmp.app.KMP-Tutorial-AppUITests";
				PRODUCT_NAME = "$(TARGET_NAME)";
				SWIFT_VERSION = 5.0;
				TARGETED_DEVICE_FAMILY = "1,2";
				TEST_TARGET_NAME = "KMP Tutorial App";
			};
			name = Debug;
		};
		CA517CF922EDEBFD009EAFF9 /* Release */ = {
			isa = XCBuildConfiguration;
			buildSettings = {
				ALWAYS_EMBED_SWIFT_STANDARD_LIBRARIES = YES;
				CODE_SIGN_STYLE = Automatic;
				INFOPLIST_FILE = "KMP Tutorial AppUITests/Info.plist";
				LD_RUNPATH_SEARCH_PATHS = (
					"$(inherited)",
					"@executable_path/Frameworks",
					"@loader_path/Frameworks",
				);
				PRODUCT_BUNDLE_IDENTIFIER = "com.pajato.kmp.app.KMP-Tutorial-AppUITests";
				PRODUCT_NAME = "$(TARGET_NAME)";
				SWIFT_VERSION = 5.0;
				TARGETED_DEVICE_FAMILY = "1,2";
				TEST_TARGET_NAME = "KMP Tutorial App";
			};
			name = Release;
		};
/* End XCBuildConfiguration section */

/* Begin XCConfigurationList section */
		CA517CC422EDEBFB009EAFF9 /* Build configuration list for PBXProject "KMP Tutorial App" */ = {
			isa = XCConfigurationList;
			buildConfigurations = (
				CA517CEF22EDEBFD009EAFF9 /* Debug */,
				CA517CF022EDEBFD009EAFF9 /* Release */,
			);
			defaultConfigurationIsVisible = 0;
			defaultConfigurationName = Release;
		};
		CA517CF122EDEBFD009EAFF9 /* Build configuration list for PBXNativeTarget "KMP Tutorial App" */ = {
			isa = XCConfigurationList;
			buildConfigurations = (
				CA517CF222EDEBFD009EAFF9 /* Debug */,
				CA517CF322EDEBFD009EAFF9 /* Release */,
			);
			defaultConfigurationIsVisible = 0;
			defaultConfigurationName = Release;
		};
		CA517CF422EDEBFD009EAFF9 /* Build configuration list for PBXNativeTarget "KMP Tutorial AppTests" */ = {
			isa = XCConfigurationList;
			buildConfigurations = (
				CA517CF522EDEBFD009EAFF9 /* Debug */,
				CA517CF622EDEBFD009EAFF9 /* Release */,
			);
			defaultConfigurationIsVisible = 0;
			defaultConfigurationName = Release;
		};
		CA517CF722EDEBFD009EAFF9 /* Build configuration list for PBXNativeTarget "KMP Tutorial AppUITests" */ = {
			isa = XCConfigurationList;
			buildConfigurations = (
				CA517CF822EDEBFD009EAFF9 /* Debug */,
				CA517CF922EDEBFD009EAFF9 /* Release */,
			);
			defaultConfigurationIsVisible = 0;
			defaultConfigurationName = Release;
		};
/* End XCConfigurationList section */
	};
	rootObject = CA517CC122EDEBFB009EAFF9 /* Project object */;
}
